
Microsoft Visual Studio Solution File, Format Version 12.00
# Visual Studio Version 16
VisualStudioVersion = 16.0.32126.315
MinimumVisualStudioVersion = 10.0.40219.1
Project("{9A19103F-16F7-4668-BE54-9A1E7A4F7556}") = "TAL.DeathPremiumCalculator.UnitTest", "TAL.DeathPremiumCalculator.UnitTest\TAL.DeathPremiumCalculator.UnitTest.csproj", "{D3692F63-ABC3-43BB-9F9C-79FDA4215EC2}"
EndProject
Project("{9A19103F-16F7-4668-BE54-9A1E7A4F7556}") = "TAL.DeathPremiumCalculator", "TAL.DeathPremiumCalculator\TAL.DeathPremiumCalculator.csproj", "{1E7D7FEA-E7D3-4DA3-AB86-95A90A3816D4}"
EndProject
Project("{FAE04EC0-301F-11D3-BF4B-00C04F79EFBC}") = "TAL.Web", "TAL.Web\TAL.Web.csproj", "{7140C17D-D40A-4065-AE2F-8C6E185BAE9C}"
EndProject
Global
	GlobalSection(SolutionConfigurationPlatforms) = preSolution
		Debug|Any CPU = Debug|Any CPU
		Release|Any CPU = Release|Any CPU
	EndGlobalSection
	GlobalSection(ProjectConfigurationPlatforms) = postSolution
		{D3692F63-ABC3-43BB-9F9C-79FDA4215EC2}.Debug|Any CPU.ActiveCfg = Debug|Any CPU
		{D3692F63-ABC3-43BB-9F9C-79FDA4215EC2}.Debug|Any CPU.Build.0 = Debug|Any CPU
		{D3692F63-ABC3-43BB-9F9C-79FDA4215EC2}.Release|Any CPU.ActiveCfg = Release|Any CPU
		{D3692F63-ABC3-43BB-9F9C-79FDA4215EC2}.Release|Any CPU.Build.0 = Release|Any CPU
		{1E7D7FEA-E7D3-4DA3-AB86-95A90A3816D4}.Debug|Any CPU.ActiveCfg = Debug|Any CPU
		{1E7D7FEA-E7D3-4DA3-AB86-95A90A3816D4}.Debug|Any CPU.Build.0 = Debug|Any CPU
		{1E7D7FEA-E7D3-4DA3-AB86-95A90A3816D4}.Release|Any CPU.ActiveCfg = Release|Any CPU
		{1E7D7FEA-E7D3-4DA3-AB86-95A90A3816D4}.Release|Any CPU.Build.0 = Release|Any CPU
		{7140C17D-D40A-4065-AE2F-8C6E185BAE9C}.Debug|Any CPU.ActiveCfg = Debug|Any CPU
		{7140C17D-D40A-4065-AE2F-8C6E185BAE9C}.Debug|Any CPU.Build.0 = Debug|Any CPU
		{7140C17D-D40A-4065-AE2F-8C6E185BAE9C}.Release|Any CPU.ActiveCfg = Release|Any CPU
		{7140C17D-D40A-4065-AE2F-8C6E185BAE9C}.Release|Any CPU.Build.0 = Release|Any CPU
	EndGlobalSection
	GlobalSection(SolutionProperties) = preSolution
		HideSolutionNode = FALSE
	EndGlobalSection
	GlobalSection(ExtensibilityGlobals) = postSolution
		SolutionGuid = {4830DCA0-F9FD-4711-B1D9-BFC21D50D9A1}
	EndGlobalSection
EndGlobal
